Microsoft Visual Studio Solution File, Format Version 12.00
# Visual Studio Version 17
VisualStudioVersion = 17.5.2.0
MinimumVisualStudioVersion = 10.0.40219.1
Project("{FAE04EC0-301F-11D3-BF4B-00C04F79EFBC}") = "data-type", "data-type.csproj", "{A2D6E58B-FAC1-25A9-8D35-41A07DE015CF}"
EndProject
Global
	GlobalSection(SolutionConfigurationPlatforms) = preSolution
		Debug|Any CPU = Debug|Any CPU
		Release|Any CPU = Release|Any CPU
	EndGlobalSection
	GlobalSection(ProjectConfigurationPlatforms) = postSolution
		{A2D6E58B-FAC1-25A9-8D35-41A07DE015CF}.Debug|Any CPU.ActiveCfg = Debug|Any CPU
		{A2D6E58B-FAC1-25A9-8D35-41A07DE015CF}.Debug|Any CPU.Build.0 = Debug|Any CPU
		{A2D6E58B-FAC1-25A9-8D35-41A07DE015CF}.Release|Any CPU.ActiveCfg = Release|Any CPU
		{A2D6E58B-FAC1-25A9-8D35-41A07DE015CF}.Release|Any CPU.Build.0 = Release|Any CPU
	EndGlobalSection
	GlobalSection(SolutionProperties) = preSolution
		HideSolutionNode = FALSE
	EndGlobalSection
	GlobalSection(ExtensibilityGlobals) = postSolution
		SolutionGuid = {614699BA-6945-407E-95CD-1C5DFA5275C4}
	EndGlobalSection
EndGlobal
